<?xml version="1.0" encoding="UTF-8" standalone="yes" ?>
<CodeBlocks_project_file>
	<FileVersion major="1" minor="6" />
	<Project>
		<Option title="Wolfenstein" />
		<Option pch_mode="2" />
		<Option compiler="raylibcompiler" />
		<Build>
			<Target title="Debug">
				<Option output="bin/Debug/Peleja de Wolfenstein" prefix_auto="1" extension_auto="1" />
				<Option object_output="obj/Debug/" />
				<Option type="1" />
				<Option compiler="raylibcompiler" />
				<Compiler>
					<Add option="-g" />
				</Compiler>
			</Target>
			<Target title="Release">
				<Option output="bin/Release/Peleja de Wolfenstein" prefix_auto="1" extension_auto="1" />
				<Option object_output="obj/Release/" />
				<Option type="1" />
				<Option compiler="raylibcompiler" />
				<Compiler>
					<Add option="-O2" />
				</Compiler>
				<Linker>
					<Add option="-s" />
				</Linker>
			</Target>
		</Build>
		<Compiler>
			<Add option="-Wall" />
		</Compiler>
		<Unit filename="OpcoesDoMenu.c">
			<Option compilerVar="CC" />
		</Unit>
		<Unit filename="OpcoesDoMenu.h" />
		<Unit filename="booleanas.c">
			<Option compilerVar="CC" />
		</Unit>
		<Unit filename="booleanas.h" />
		<Unit filename="definicoes.h" />
		<Unit filename="desenhajogo.c">
			<Option compilerVar="CC" />
		</Unit>
		<Unit filename="desenhamenu.c">
			<Option compilerVar="CC" />
		</Unit>
		<Unit filename="desenhamenu.h">
			<Option target="&lt;{~None~}&gt;" />
		</Unit>
		<Unit filename="estruturascomplexas.h" />
		<Unit filename="fisica.c">
			<Option compilerVar="CC" />
		</Unit>
		<Unit filename="fisica.h" />
		<Unit filename="inicializar.c">
			<Option compilerVar="CC" />
		</Unit>
		<Unit filename="inicializar.h" />
		<Unit filename="logicajogo.c">
			<Option compilerVar="CC" />
		</Unit>
		<Unit filename="logicajogo.h" />
		<Unit filename="logicamenu.c">
			<Option compilerVar="CC" />
		</Unit>
		<Unit filename="logicamenu.h" />
		<Unit filename="main.c">
			<Option compilerVar="CC" />
		</Unit>
		<Extensions>
			<code_completion />
			<envvars />
			<debugger />
		</Extensions>
	</Project>
</CodeBlocks_project_file>
